
Microsoft Visual Studio Solution File, Format Version 12.00
# Visual Studio Version 16
VisualStudioVersion = 16.0.29806.167
MinimumVisualStudioVersion = 10.0.40219.1
Project("{8BC9CEB8-8B4A-11D0-8D11-00A0C91BC942}") = "YLogger", "YLogger\YLogger.vcxproj", "{FD7491CD-1DD5-402B-BBE6-D02291A53EF5}"
EndProject
Global
	GlobalSection(SolutionConfigurationPlatforms) = preSolution
		Debug|x64 = Debug|x64
		Debug|x86 = Debug|x86
		Release|x64 = Release|x64
		Release|x86 = Release|x86
	EndGlobalSection
	GlobalSection(ProjectConfigurationPlatforms) = postSolution
		{FD7491CD-1DD5-402B-BBE6-D02291A53EF5}.Debug|x64.ActiveCfg = Debug|x64
		{FD7491CD-1DD5-402B-BBE6-D02291A53EF5}.Debug|x64.Build.0 = Debug|x64
		{FD7491CD-1DD5-402B-BBE6-D02291A53EF5}.Debug|x86.ActiveCfg = Debug|Win32
		{FD7491CD-1DD5-402B-BBE6-D02291A53EF5}.Debug|x86.Build.0 = Debug|Win32
		{FD7491CD-1DD5-402B-BBE6-D02291A53EF5}.Release|x64.ActiveCfg = Release|x64
		{FD7491CD-1DD5-402B-BBE6-D02291A53EF5}.Release|x64.Build.0 = Release|x64
		{FD7491CD-1DD5-402B-BBE6-D02291A53EF5}.Release|x86.ActiveCfg = Release|Win32
		{FD7491CD-1DD5-402B-BBE6-D02291A53EF5}.Release|x86.Build.0 = Release|Win32
	EndGlobalSection
	GlobalSection(SolutionProperties) = preSolution
		HideSolutionNode = FALSE
	EndGlobalSection
	GlobalSection(ExtensibilityGlobals) = postSolution
		SolutionGuid = {3A73D4FB-2A02-4EF0-BC99-465CBCDA1A0F}
	EndGlobalSection
EndGlobal
